# Pinned upstream commit of jundot/omlx verified working with llamactl Sub A.
# Update this and re-run tools/install-omlx-from-source.sh when bumping.
# Format: key=value lines. Unknown keys are ignored by the installer.
#
# REQUIREMENT: `commit` MUST be a full 40-hex SHA. Symbolic refs
# (HEAD/main/tags) are rejected by the installer — see SHA validation
# in tools/install-omlx-from-source.sh.
#
# 2026-05-19: pinned to main HEAD. MTP / speculative-decoding support
# lives on mainline as `dflash` (draft-flash, see commits like
# `feat(dflash): expose draft_window_size / draft_sink_size /
# verify_mode in model settings (#1276)`). The earlier
# `feat/speculative-decoding` branch is an abandoned attempt with a
# GPU-stream registration bug (`RuntimeError: There is no Stream(gpu, 0)
# in current thread` in scheduler.py#L416). dflash on main is the
# working path; configuration is per-model via model settings rather
# than CLI flags.
commit=f6f4269c70f3a9898ff9b1a0e65068b5a6c96187
verified_date=2026-05-19
verified_by=llamactl/mlx-engine-sub-a-plan
branch=main
notes=Phase 6.4 smoke (2026-05-19) confirmed CLI compatibility on M4 Pro. dflash MTP is available but disabled by default; enable per-model via model settings.
